
Microsoft Visual Studio Solution File, Format Version 12.00
# Visual Studio Version 17
VisualStudioVersion = 17.13.35931.197
MinimumVisualStudioVersion = 10.0.40219.1
Project("{2150E333-8FDC-42A3-9474-1A3956D46DE8}") = "src", "src", "{02EA681E-C7D8-13C7-8484-4AC65E1B71E8}"
EndProject
Project("{2150E333-8FDC-42A3-9474-1A3956D46DE8}") = "BuildingBlocks", "BuildingBlocks", "{3F40EF4E-E0D2-40A2-907E-674AEF537792}"
EndProject
Project("{2150E333-8FDC-42A3-9474-1A3956D46DE8}") = "Services", "Services", "{C9342CD1-726E-4664-AFDC-4FB8B828DD55}"
EndProject
Project("{FAE04EC0-301F-11D3-BF4B-00C04F79EFBC}") = "Core", "src\BuildingBlocks\Core\Core.csproj", "{CEA07CDC-2E8A-4766-AA87-0DC7C856D2A7}"
EndProject
Project("{2150E333-8FDC-42A3-9474-1A3956D46DE8}") = "Commands", "Commands", "{A5AA81F5-1AEC-438A-813C-8027431C8716}"
EndProject
Project("{2150E333-8FDC-42A3-9474-1A3956D46DE8}") = "Queries", "Queries", "{0B9FF41E-F007-45F4-AD22-84BBEB9942D4}"
EndProject
Project("{2150E333-8FDC-42A3-9474-1A3956D46DE8}") = "Application", "Application", "{671FAD34-D4ED-440D-AAE6-6742E15217B0}"
EndProject
Project("{2150E333-8FDC-42A3-9474-1A3956D46DE8}") = "Features", "Features", "{7D05BEB2-D6F9-40FA-BE18-A63BF4103AB0}"
EndProject
Project("{2150E333-8FDC-42A3-9474-1A3956D46DE8}") = "API", "API", "{DD46A534-09B0-4628-AE18-417111877FAF}"
EndProject
Project("{FAE04EC0-301F-11D3-BF4B-00C04F79EFBC}") = "server", "src\Services\API\server.csproj", "{FE274E8F-B0E1-EE18-E554-47478B7E61A5}"
EndProject
Project("{2150E333-8FDC-42A3-9474-1A3956D46DE8}") = "DTOs", "DTOs", "{3D87D8B5-76EB-4CB3-B426-FC17E5B21F81}"
EndProject
Global
	GlobalSection(SolutionConfigurationPlatforms) = preSolution
		Debug|Any CPU = Debug|Any CPU
		Release|Any CPU = Release|Any CPU
	EndGlobalSection
	GlobalSection(ProjectConfigurationPlatforms) = postSolution
		{CEA07CDC-2E8A-4766-AA87-0DC7C856D2A7}.Debug|Any CPU.ActiveCfg = Debug|Any CPU
		{CEA07CDC-2E8A-4766-AA87-0DC7C856D2A7}.Debug|Any CPU.Build.0 = Debug|Any CPU
		{CEA07CDC-2E8A-4766-AA87-0DC7C856D2A7}.Release|Any CPU.ActiveCfg = Release|Any CPU
		{CEA07CDC-2E8A-4766-AA87-0DC7C856D2A7}.Release|Any CPU.Build.0 = Release|Any CPU
		{FE274E8F-B0E1-EE18-E554-47478B7E61A5}.Debug|Any CPU.ActiveCfg = Debug|Any CPU
		{FE274E8F-B0E1-EE18-E554-47478B7E61A5}.Debug|Any CPU.Build.0 = Debug|Any CPU
		{FE274E8F-B0E1-EE18-E554-47478B7E61A5}.Release|Any CPU.ActiveCfg = Release|Any CPU
		{FE274E8F-B0E1-EE18-E554-47478B7E61A5}.Release|Any CPU.Build.0 = Release|Any CPU
	EndGlobalSection
	GlobalSection(SolutionProperties) = preSolution
		HideSolutionNode = FALSE
	EndGlobalSection
	GlobalSection(NestedProjects) = preSolution
		{3F40EF4E-E0D2-40A2-907E-674AEF537792} = {02EA681E-C7D8-13C7-8484-4AC65E1B71E8}
		{C9342CD1-726E-4664-AFDC-4FB8B828DD55} = {02EA681E-C7D8-13C7-8484-4AC65E1B71E8}
		{CEA07CDC-2E8A-4766-AA87-0DC7C856D2A7} = {3F40EF4E-E0D2-40A2-907E-674AEF537792}
		{A5AA81F5-1AEC-438A-813C-8027431C8716} = {7D05BEB2-D6F9-40FA-BE18-A63BF4103AB0}
		{0B9FF41E-F007-45F4-AD22-84BBEB9942D4} = {7D05BEB2-D6F9-40FA-BE18-A63BF4103AB0}
		{671FAD34-D4ED-440D-AAE6-6742E15217B0} = {C9342CD1-726E-4664-AFDC-4FB8B828DD55}
		{7D05BEB2-D6F9-40FA-BE18-A63BF4103AB0} = {671FAD34-D4ED-440D-AAE6-6742E15217B0}
		{DD46A534-09B0-4628-AE18-417111877FAF} = {C9342CD1-726E-4664-AFDC-4FB8B828DD55}
		{FE274E8F-B0E1-EE18-E554-47478B7E61A5} = {DD46A534-09B0-4628-AE18-417111877FAF}
		{3D87D8B5-76EB-4CB3-B426-FC17E5B21F81} = {7D05BEB2-D6F9-40FA-BE18-A63BF4103AB0}
	EndGlobalSection
	GlobalSection(ExtensibilityGlobals) = postSolution
		SolutionGuid = {ABAC3E38-A6CA-484C-800F-3AF6C7E1F9AC}
	EndGlobalSection
EndGlobal
